
Microsoft Visual Studio Solution File, Format Version 12.00
# Visual Studio 15
VisualStudioVersion = 15.0.28307.421
MinimumVisualStudioVersion = 10.0.40219.1
Project("{FAE04EC0-301F-11D3-BF4B-00C04F79EFBC}") = "拖动第二个版本", "拖动第二个版本\拖动第二个版本.csproj", "{B6D165C7-C9A5-4C2C-A6A4-9BC5A40627C3}"
EndProject
Global
	GlobalSection(SolutionConfigurationPlatforms) = preSolution
		Debug|Any CPU = Debug|Any CPU
		Release|Any CPU = Release|Any CPU
	EndGlobalSection
	GlobalSection(ProjectConfigurationPlatforms) = postSolution
		{B6D165C7-C9A5-4C2C-A6A4-9BC5A40627C3}.Debug|Any CPU.ActiveCfg = Debug|Any CPU
		{B6D165C7-C9A5-4C2C-A6A4-9BC5A40627C3}.Debug|Any CPU.Build.0 = Debug|Any CPU
		{B6D165C7-C9A5-4C2C-A6A4-9BC5A40627C3}.Release|Any CPU.ActiveCfg = Release|Any CPU
		{B6D165C7-C9A5-4C2C-A6A4-9BC5A40627C3}.Release|Any CPU.Build.0 = Release|Any CPU
	EndGlobalSection
	GlobalSection(SolutionProperties) = preSolution
		HideSolutionNode = FALSE
	EndGlobalSection
	GlobalSection(ExtensibilityGlobals) = postSolution
		SolutionGuid = {34A15C23-0DAA-4D92-A540-9899B55031AE}
	EndGlobalSection
EndGlobal
